
Microsoft Visual Studio Solution File, Format Version 12.00
# Visual Studio Version 16
VisualStudioVersion = 16.0.29728.190
MinimumVisualStudioVersion = 10.0.40219.1
Project("{FAE04EC0-301F-11D3-BF4B-00C04F79EFBC}") = "Task2_1", "Task2_1\Task2_1.csproj", "{EA63F353-1B84-452F-BB57-DD97B760EE6E}"
EndProject
Global
	GlobalSection(SolutionConfigurationPlatforms) = preSolution
		Debug|Any CPU = Debug|Any CPU
		Release|Any CPU = Release|Any CPU
	EndGlobalSection
	GlobalSection(ProjectConfigurationPlatforms) = postSolution
		{EA63F353-1B84-452F-BB57-DD97B760EE6E}.Debug|Any CPU.ActiveCfg = Debug|Any CPU
		{EA63F353-1B84-452F-BB57-DD97B760EE6E}.Debug|Any CPU.Build.0 = Debug|Any CPU
		{EA63F353-1B84-452F-BB57-DD97B760EE6E}.Release|Any CPU.ActiveCfg = Release|Any CPU
		{EA63F353-1B84-452F-BB57-DD97B760EE6E}.Release|Any CPU.Build.0 = Release|Any CPU
	EndGlobalSection
	GlobalSection(SolutionProperties) = preSolution
		HideSolutionNode = FALSE
	EndGlobalSection
	GlobalSection(ExtensibilityGlobals) = postSolution
		SolutionGuid = {D5F4AB75-94FA-4578-8853-0B7991BFBFDA}
	EndGlobalSection
EndGlobal
