
Microsoft Visual Studio Solution File, Format Version 12.00
# Visual Studio Version 16
VisualStudioVersion = 16.0.29728.190
MinimumVisualStudioVersion = 10.0.40219.1
Project("{FAE04EC0-301F-11D3-BF4B-00C04F79EFBC}") = "TestAspNet45", "TestAspNet45\TestAspNet45.csproj", "{A5161DDC-A967-4465-9B94-6C4F76E96E67}"
EndProject
Project("{9A19103F-16F7-4668-BE54-9A1E7A4F7556}") = "NUnitSiteTest", "NUnitSiteTest\NUnitSiteTest.csproj", "{6B3B6911-0BAE-418F-99E9-EE5F0FF99613}"
EndProject
Global
	GlobalSection(SolutionConfigurationPlatforms) = preSolution
		Debug|Any CPU = Debug|Any CPU
		Release|Any CPU = Release|Any CPU
	EndGlobalSection
	GlobalSection(ProjectConfigurationPlatforms) = postSolution
		{A5161DDC-A967-4465-9B94-6C4F76E96E67}.Debug|Any CPU.ActiveCfg = Debug|Any CPU
		{A5161DDC-A967-4465-9B94-6C4F76E96E67}.Debug|Any CPU.Build.0 = Debug|Any CPU
		{A5161DDC-A967-4465-9B94-6C4F76E96E67}.Release|Any CPU.ActiveCfg = Release|Any CPU
		{A5161DDC-A967-4465-9B94-6C4F76E96E67}.Release|Any CPU.Build.0 = Release|Any CPU
		{6B3B6911-0BAE-418F-99E9-EE5F0FF99613}.Debug|Any CPU.ActiveCfg = Debug|Any CPU
		{6B3B6911-0BAE-418F-99E9-EE5F0FF99613}.Debug|Any CPU.Build.0 = Debug|Any CPU
		{6B3B6911-0BAE-418F-99E9-EE5F0FF99613}.Release|Any CPU.ActiveCfg = Release|Any CPU
		{6B3B6911-0BAE-418F-99E9-EE5F0FF99613}.Release|Any CPU.Build.0 = Release|Any CPU
	EndGlobalSection
	GlobalSection(SolutionProperties) = preSolution
		HideSolutionNode = FALSE
	EndGlobalSection
	GlobalSection(ExtensibilityGlobals) = postSolution
		SolutionGuid = {AD165DA8-11CA-42A5-8002-52B9502CAC1B}
	EndGlobalSection
EndGlobal
